
Microsoft Visual Studio Solution File, Format Version 12.00
# Visual Studio 2012
Project("{FAE04EC0-301F-11D3-BF4B-00C04F79EFBC}") = "PerceptronIntegration", "PerceptronIntegration\PerceptronIntegration.csproj", "{69345AF1-F3EA-4468-A245-430EF2414C44}"
EndProject
Project("{FAE04EC0-301F-11D3-BF4B-00C04F79EFBC}") = "ArtificialNeuralNetwork", "ArtificialNeuralNetwork\ArtificialNeuralNetwork.csproj", "{6264BC3F-8B4D-4E14-9844-9CB5C2CCE49B}"
EndProject
Project("{FAE04EC0-301F-11D3-BF4B-00C04F79EFBC}") = "ArtificialNeuralNetworkTesting", "ArtificialNeuralNetworkTesting\ArtificialNeuralNetworkTesting.csproj", "{90E2771B-A27C-4241-8193-CA5E3D490A71}"
EndProject
Project("{FAE04EC0-301F-11D3-BF4B-00C04F79EFBC}") = "MLPIntegration", "MLPIntegration\MLPIntegration.csproj", "{506794C0-0A0B-4032-956A-B6F81D394B58}"
EndProject
Global
	GlobalSection(SolutionConfigurationPlatforms) = preSolution
		Debug|Any CPU = Debug|Any CPU
		Release|Any CPU = Release|Any CPU
	EndGlobalSection
	GlobalSection(ProjectConfigurationPlatforms) = postSolution
		{69345AF1-F3EA-4468-A245-430EF2414C44}.Debug|Any CPU.ActiveCfg = Debug|Any CPU
		{69345AF1-F3EA-4468-A245-430EF2414C44}.Debug|Any CPU.Build.0 = Debug|Any CPU
		{69345AF1-F3EA-4468-A245-430EF2414C44}.Release|Any CPU.ActiveCfg = Release|Any CPU
		{69345AF1-F3EA-4468-A245-430EF2414C44}.Release|Any CPU.Build.0 = Release|Any CPU
		{6264BC3F-8B4D-4E14-9844-9CB5C2CCE49B}.Debug|Any CPU.ActiveCfg = Debug|Any CPU
		{6264BC3F-8B4D-4E14-9844-9CB5C2CCE49B}.Debug|Any CPU.Build.0 = Debug|Any CPU
		{6264BC3F-8B4D-4E14-9844-9CB5C2CCE49B}.Release|Any CPU.ActiveCfg = Release|Any CPU
		{6264BC3F-8B4D-4E14-9844-9CB5C2CCE49B}.Release|Any CPU.Build.0 = Release|Any CPU
		{90E2771B-A27C-4241-8193-CA5E3D490A71}.Debug|Any CPU.ActiveCfg = Debug|Any CPU
		{90E2771B-A27C-4241-8193-CA5E3D490A71}.Debug|Any CPU.Build.0 = Debug|Any CPU
		{90E2771B-A27C-4241-8193-CA5E3D490A71}.Release|Any CPU.ActiveCfg = Release|Any CPU
		{90E2771B-A27C-4241-8193-CA5E3D490A71}.Release|Any CPU.Build.0 = Release|Any CPU
		{506794C0-0A0B-4032-956A-B6F81D394B58}.Debug|Any CPU.ActiveCfg = Debug|Any CPU
		{506794C0-0A0B-4032-956A-B6F81D394B58}.Debug|Any CPU.Build.0 = Debug|Any CPU
		{506794C0-0A0B-4032-956A-B6F81D394B58}.Release|Any CPU.ActiveCfg = Release|Any CPU
		{506794C0-0A0B-4032-956A-B6F81D394B58}.Release|Any CPU.Build.0 = Release|Any CPU
	EndGlobalSection
	GlobalSection(SolutionProperties) = preSolution
		HideSolutionNode = FALSE
	EndGlobalSection
EndGlobal
